
Microsoft Visual Studio Solution File, Format Version 12.00
# Visual Studio Version 17
VisualStudioVersion = 17.9.34728.123
MinimumVisualStudioVersion = 10.0.40219.1
Project("{FAE04EC0-301F-11D3-BF4B-00C04F79EFBC}") = "myDemo", "myDemo.csproj", "{AE5ADC6D-C2AE-4DF0-B725-66CFF11CF265}"
EndProject
Global
	GlobalSection(SolutionConfigurationPlatforms) = preSolution
		Debug|Any CPU = Debug|Any CPU
		Release|Any CPU = Release|Any CPU
	EndGlobalSection
	GlobalSection(ProjectConfigurationPlatforms) = postSolution
		{AE5ADC6D-C2AE-4DF0-B725-66CFF11CF265}.Debug|Any CPU.ActiveCfg = Debug|Any CPU
		{AE5ADC6D-C2AE-4DF0-B725-66CFF11CF265}.Debug|Any CPU.Build.0 = Debug|Any CPU
		{AE5ADC6D-C2AE-4DF0-B725-66CFF11CF265}.Release|Any CPU.ActiveCfg = Release|Any CPU
		{AE5ADC6D-C2AE-4DF0-B725-66CFF11CF265}.Release|Any CPU.Build.0 = Release|Any CPU
	EndGlobalSection
	GlobalSection(SolutionProperties) = preSolution
		HideSolutionNode = FALSE
	EndGlobalSection
	GlobalSection(ExtensibilityGlobals) = postSolution
		SolutionGuid = {536BF7B0-BA69-45FA-9AD4-A547215DDD9C}
	EndGlobalSection
EndGlobal
